
Microsoft Visual Studio Solution File, Format Version 12.00
# Visual Studio 14
VisualStudioVersion = 14.0.25420.1
MinimumVisualStudioVersion = 10.0.40219.1
Project("{FAE04EC0-301F-11D3-BF4B-00C04F79EFBC}") = "Welle", "Welle\Welle.csproj", "{AEB90CBA-E359-45AF-A17C-6FF15B4F6AE9}"
EndProject
Global
	GlobalSection(SolutionConfigurationPlatforms) = preSolution
		Debug|Any CPU = Debug|Any CPU
		Release|Any CPU = Release|Any CPU
	EndGlobalSection
	GlobalSection(ProjectConfigurationPlatforms) = postSolution
		{AEB90CBA-E359-45AF-A17C-6FF15B4F6AE9}.Debug|Any CPU.ActiveCfg = Debug|Any CPU
		{AEB90CBA-E359-45AF-A17C-6FF15B4F6AE9}.Debug|Any CPU.Build.0 = Debug|Any CPU
		{AEB90CBA-E359-45AF-A17C-6FF15B4F6AE9}.Release|Any CPU.ActiveCfg = Release|Any CPU
		{AEB90CBA-E359-45AF-A17C-6FF15B4F6AE9}.Release|Any CPU.Build.0 = Release|Any CPU
	EndGlobalSection
	GlobalSection(SolutionProperties) = preSolution
		HideSolutionNode = FALSE
	EndGlobalSection
EndGlobal
